
Microsoft Visual Studio Solution File, Format Version 12.00
# Visual Studio Version 16
VisualStudioVersion = 16.0.29920.165
MinimumVisualStudioVersion = 10.0.40219.1
Project("{FAE04EC0-301F-11D3-BF4B-00C04F79EFBC}") = "Dizaj u objektno orijentiranom sustavu LV2", "Dizaj u objektno orijentiranom sustavu LV2\Dizaj u objektno orijentiranom sustavu LV2.csproj", "{3608B676-780E-4517-9EDE-8E51CE55576C}"
EndProject
Global
	GlobalSection(SolutionConfigurationPlatforms) = preSolution
		Debug|Any CPU = Debug|Any CPU
		Release|Any CPU = Release|Any CPU
	EndGlobalSection
	GlobalSection(ProjectConfigurationPlatforms) = postSolution
		{3608B676-780E-4517-9EDE-8E51CE55576C}.Debug|Any CPU.ActiveCfg = Debug|Any CPU
		{3608B676-780E-4517-9EDE-8E51CE55576C}.Debug|Any CPU.Build.0 = Debug|Any CPU
		{3608B676-780E-4517-9EDE-8E51CE55576C}.Release|Any CPU.ActiveCfg = Release|Any CPU
		{3608B676-780E-4517-9EDE-8E51CE55576C}.Release|Any CPU.Build.0 = Release|Any CPU
	EndGlobalSection
	GlobalSection(SolutionProperties) = preSolution
		HideSolutionNode = FALSE
	EndGlobalSection
	GlobalSection(ExtensibilityGlobals) = postSolution
		SolutionGuid = {069E0F67-27BB-4C6D-88DB-B8D17892D84A}
	EndGlobalSection
EndGlobal
